# THIS IS AN AUTOGENERATED FILE. DO NOT EDIT THIS FILE DIRECTLY.
# yarn lockfile v1


"@tailwindcss/typography@^0.3":
  version "0.3.1"
  resolved "https://registry.yarnpkg.com/@tailwindcss/typography/-/typography-0.3.1.tgz#253ce580c8e06b6163d9a288edd24f25e1d0dfee"
  integrity sha512-HyZ+3Eay8SGaPq7kcFoANZLr4EjeXQ19yjjb9fp6B0PHHpvZoe00jdsnpnooMEbx9J5rQ93nxPUG3MQmXVxGMQ==
